
Microsoft Visual Studio Solution File, Format Version 12.00
# Visual Studio Version 16
VisualStudioVersion = 16.0.31019.35
MinimumVisualStudioVersion = 10.0.40219.1
Project("{8BC9CEB8-8B4A-11D0-8D11-00A0C91BC942}") = "Chapter1_1", "studyc++\studyc++.vcxproj", "{FCE79F09-0E85-4D8F-892C-60887AEF5286}"
EndProject
Project("{8BC9CEB8-8B4A-11D0-8D11-00A0C91BC942}") = "chapter1_2", "chapter1_2\chapter1_2.vcxproj", "{8BC5AA97-7F3A-41D0-B135-54E1B5E1CEDE}"
EndProject
Project("{8BC9CEB8-8B4A-11D0-8D11-00A0C91BC942}") = "Chapter1_3", "Chapter1_3\Chapter1_3.vcxproj", "{B73DA1C4-1984-4542-8697-097BF19D99AD}"
EndProject
Project("{8BC9CEB8-8B4A-11D0-8D11-00A0C91BC942}") = "Chapter1_5", "Chapter1_5\Chapter1_5.vcxproj", "{3729887C-9205-4B9E-A264-1334A999A29F}"
EndProject
Project("{8BC9CEB8-8B4A-11D0-8D11-00A0C91BC942}") = "Chapter1_6", "Chapter1_6\Chapter1_6.vcxproj", "{2673BDCF-6471-4DFC-B1D5-5018126783F0}"
EndProject
Project("{8BC9CEB8-8B4A-11D0-8D11-00A0C91BC942}") = "Chapter1_7", "Chapter1_7\Chapter1_7.vcxproj", "{2D83BB59-B986-46A6-A1A3-572043E8ECAA}"
EndProject
Project("{8BC9CEB8-8B4A-11D0-8D11-00A0C91BC942}") = "Chapter1_8", "Chapter1_8\Chapter1_8.vcxproj", "{78B23D44-AA84-42AC-A30F-C81DC0E43C93}"
EndProject
Project("{8BC9CEB8-8B4A-11D0-8D11-00A0C91BC942}") = "Chapter1_9", "Chapter1_9\Chapter1_9.vcxproj", "{909D81B2-775B-455F-927C-68B45C457568}"
EndProject
Project("{8BC9CEB8-8B4A-11D0-8D11-00A0C91BC942}") = "Chapter1_10", "Chapter1_10\Chapter1_10.vcxproj", "{B8D4A803-F265-45E3-8FB0-5BD3FA455676}"
EndProject
Project("{8BC9CEB8-8B4A-11D0-8D11-00A0C91BC942}") = "Chapter1_11", "Chapter1_11\Chapter1_11.vcxproj", "{7CE3AD48-C5C2-401E-B169-8EBB5E9080F6}"
EndProject
Project("{8BC9CEB8-8B4A-11D0-8D11-00A0C91BC942}") = "Chapter1_12", "Chapter1_12\Chapter1_12.vcxproj", "{B9FE7175-3E2F-4732-97F5-8DA268D843EE}"
EndProject
Project("{8BC9CEB8-8B4A-11D0-8D11-00A0C91BC942}") = "Chapter1_13", "Chapter1_13\Chapter1_13.vcxproj", "{FC338F89-344A-4793-A1A8-5248259A744D}"
EndProject
Project("{8BC9CEB8-8B4A-11D0-8D11-00A0C91BC942}") = "Chapter1_14", "Chapter1_14\Chapter1_14.vcxproj", "{8FCA6777-714E-4E73-AD24-0DF93BD81270}"
EndProject
Project("{8BC9CEB8-8B4A-11D0-8D11-00A0C91BC942}") = "Chapter2_1", "Chapter2_1\Chapter2_1.vcxproj", "{FD4B2BEA-48EE-4209-BAC7-C1AE68FB06D3}"
EndProject
Project("{8BC9CEB8-8B4A-11D0-8D11-00A0C91BC942}") = "Chapter2_2", "Chapter2_2\Chapter2_2.vcxproj", "{911F5F01-D142-45AF-8097-4FE64833A080}"
EndProject
Project("{8BC9CEB8-8B4A-11D0-8D11-00A0C91BC942}") = "Chapter2_3", "Chapter2_3\Chapter2_3.vcxproj", "{0D118C8B-3F90-4B16-B8C9-54F06B9D35CD}"
EndProject
Project("{8BC9CEB8-8B4A-11D0-8D11-00A0C91BC942}") = "Chapter2_4", "Chapter2_4\Chapter2_4.vcxproj", "{DC99CE78-5F80-439A-802F-F65E8D33F5B6}"
EndProject
Project("{8BC9CEB8-8B4A-11D0-8D11-00A0C91BC942}") = "Chapter2_5", "Chapter2_5\Chapter2_5.vcxproj", "{F13A6B4C-C54C-459F-AB21-E9606DC746F8}"
EndProject
Project("{8BC9CEB8-8B4A-11D0-8D11-00A0C91BC942}") = "Chapter2_6", "Chapter2_6\Chapter2_6.vcxproj", "{E4F0E8F8-92DB-4320-B8FF-D1BA5D0F6619}"
EndProject
Project("{8BC9CEB8-8B4A-11D0-8D11-00A0C91BC942}") = "Chapter2_7", "Chapter2_7\Chapter2_7.vcxproj", "{CD4489DB-BF57-40DC-A2F1-E0A9E2082B5F}"
EndProject
Project("{8BC9CEB8-8B4A-11D0-8D11-00A0C91BC942}") = "Chapter2_8", "Chapter2_8\Chapter2_8.vcxproj", "{3845FB76-222D-4ADC-96FA-0252C43EBD0F}"
EndProject
Project("{8BC9CEB8-8B4A-11D0-8D11-00A0C91BC942}") = "Chapter2_9", "Chapter2_9\Chapter2_9.vcxproj", "{E1085655-4B0E-46D8-9C18-3C2ECBDE2857}"
EndProject
Project("{8BC9CEB8-8B4A-11D0-8D11-00A0C91BC942}") = "Chapter3_1", "Chapter3_1\Chapter3_1.vcxproj", "{DB4F3C0E-3FE6-417C-9D6C-9DB4DF7734F1}"
EndProject
Project("{8BC9CEB8-8B4A-11D0-8D11-00A0C91BC942}") = "Chapter3_2", "Chapter3_2\Chapter3_2.vcxproj", "{42F1B81D-7F1D-4DAD-921E-2EE7CD4CC6A3}"
EndProject
Project("{8BC9CEB8-8B4A-11D0-8D11-00A0C91BC942}") = "Chapter3_3", "Chapter3_3\Chapter3_3.vcxproj", "{DFF58ACB-93B9-46B9-BB07-573F061C8A3F}"
EndProject
Project("{8BC9CEB8-8B4A-11D0-8D11-00A0C91BC942}") = "Chapter3_4", "Chapter3_4\Chapter3_4.vcxproj", "{886CD65D-DEC4-4D91-8D43-A30A3DF1472C}"
EndProject
Project("{8BC9CEB8-8B4A-11D0-8D11-00A0C91BC942}") = "Chapter3_5", "Chapter3_5\Chapter3_5.vcxproj", "{8B665D42-37FC-4887-A234-265F6EFC6788}"
EndProject
Project("{8BC9CEB8-8B4A-11D0-8D11-00A0C91BC942}") = "Chapter3_6", "Chapter3_6\Chapter3_6.vcxproj", "{15A80AB3-6C19-436F-A876-3535743A5E1D}"
EndProject
Project("{8BC9CEB8-8B4A-11D0-8D11-00A0C91BC942}") = "Chapter3_7", "Chapter3_7\Chapter3_7.vcxproj", "{9BE82BE6-6373-4FFB-BB0E-1CE070CD083C}"
EndProject
Project("{8BC9CEB8-8B4A-11D0-8D11-00A0C91BC942}") = "Chapter3_8", "Chapter3_8\Chapter3_8.vcxproj", "{11BF4A44-6AEC-453A-ACEC-ADBEAC341560}"
EndProject
Project("{8BC9CEB8-8B4A-11D0-8D11-00A0C91BC942}") = "Chapter4_2", "Chapter4_2\Chapter4_2.vcxproj", "{178C0E3A-5744-4341-8534-29C51AAB4C05}"
EndProject
Project("{8BC9CEB8-8B4A-11D0-8D11-00A0C91BC942}") = "Chapter4_3", "Chapter4_3\Chapter4_3.vcxproj", "{BA0031D6-DAE8-4F40-AE34-B6DE71052882}"
EndProject
Project("{8BC9CEB8-8B4A-11D0-8D11-00A0C91BC942}") = "Chapter4_4", "Chapter4_4\Chapter4_4.vcxproj", "{1867AC62-3903-49E5-B62A-4B92912BCE60}"
EndProject
Project("{8BC9CEB8-8B4A-11D0-8D11-00A0C91BC942}") = "Chapter4_5", "Chapter4_5\Chapter4_5.vcxproj", "{52ECFE10-D4A8-4DB0-B790-DA8BA526A78E}"
EndProject
Project("{8BC9CEB8-8B4A-11D0-8D11-00A0C91BC942}") = "Chapter4_6", "Chapter4_6\Chapter4_6.vcxproj", "{FA6808AC-2B0B-4BA0-A7EC-0D52C81D234E}"
EndProject
Project("{8BC9CEB8-8B4A-11D0-8D11-00A0C91BC942}") = "Chapter4_7", "Chapter4_7\Chapter4_7.vcxproj", "{D91D3680-844A-44E8-9A16-11232D612E97}"
EndProject
Project("{8BC9CEB8-8B4A-11D0-8D11-00A0C91BC942}") = "Chapter4_8", "Chapter4_8\Chapter4_8.vcxproj", "{8903C2FC-F9D0-4450-AFF1-79E6C58BA3A2}"
EndProject
Project("{8BC9CEB8-8B4A-11D0-8D11-00A0C91BC942}") = "Chapter4_9", "Chapter4_9\Chapter4_9.vcxproj", "{191605FB-9808-4B04-9484-EF143ED526B3}"
EndProject
Project("{8BC9CEB8-8B4A-11D0-8D11-00A0C91BC942}") = "Chapter4_10", "Chapter4_10\Chapter4_10.vcxproj", "{07952A90-65EA-46C9-9778-94937D8E18B8}"
EndProject
Project("{8BC9CEB8-8B4A-11D0-8D11-00A0C91BC942}") = "Chapter5_1", "Chapter5_1\Chapter5_1.vcxproj", "{F4CCAA5D-4FF4-4372-935B-88A30E7AECC1}"
EndProject
Project("{8BC9CEB8-8B4A-11D0-8D11-00A0C91BC942}") = "Chapter5_2", "Chapter5_2\Chapter5_2.vcxproj", "{55D44AE0-BBA8-418D-BC7A-00694304697A}"
EndProject
Project("{8BC9CEB8-8B4A-11D0-8D11-00A0C91BC942}") = "Chapter5_3", "Chapter5_3\Chapter5_3.vcxproj", "{2C84B7DE-FF49-4497-9ED1-6D27CA77BB26}"
EndProject
Project("{8BC9CEB8-8B4A-11D0-8D11-00A0C91BC942}") = "Chapter5_4", "Chapter5_4\Chapter5_4.vcxproj", "{CE596AA0-44D2-4327-B8E8-21A91587AB31}"
EndProject
Project("{8BC9CEB8-8B4A-11D0-8D11-00A0C91BC942}") = "Chapter5_5", "Chapter5_5\Chapter5_5.vcxproj", "{464D42A0-73F0-4FEA-BBCA-3FA37F2A66C4}"
EndProject
Project("{8BC9CEB8-8B4A-11D0-8D11-00A0C91BC942}") = "Chapter5_6", "Chapter5_6\Chapter5_6.vcxproj", "{CBBBFE4E-702C-4E11-8F76-26C807C70F41}"
EndProject
Project("{8BC9CEB8-8B4A-11D0-8D11-00A0C91BC942}") = "Chapter5_7", "Chapter5_7\Chapter5_7.vcxproj", "{49C8C704-260D-4444-B798-D325850DE0A9}"
EndProject
Project("{8BC9CEB8-8B4A-11D0-8D11-00A0C91BC942}") = "Chapter5_8", "Chapter5_8\Chapter5_8.vcxproj", "{2DDD38FE-83BF-4DEB-8FEB-8670FEA76292}"
EndProject
Project("{8BC9CEB8-8B4A-11D0-8D11-00A0C91BC942}") = "Chapter5_9", "Chapter5_9\Chapter5_9.vcxproj", "{EDE211F3-6A96-4596-A46C-4FEA7B88D1C1}"
EndProject
Project("{8BC9CEB8-8B4A-11D0-8D11-00A0C91BC942}") = "Chapter5_10", "Chapter5_10\Chapter5_10.vcxproj", "{109A0B46-FEB2-4801-8E37-642534400607}"
EndProject
Project("{8BC9CEB8-8B4A-11D0-8D11-00A0C91BC942}") = "Chapter6_1", "Chapter6_1\Chapter6_1.vcxproj", "{790E28E0-F316-4CB1-9B5B-7E5F841F5626}"
EndProject
Project("{8BC9CEB8-8B4A-11D0-8D11-00A0C91BC942}") = "Chapter6_2", "초\초.vcxproj", "{A87C3753-8310-4DC4-AB41-B4106524A8D7}"
EndProject
Project("{8BC9CEB8-8B4A-11D0-8D11-00A0C91BC942}") = "Chapter6_3", "Chapter6_3\Chapter6_3.vcxproj", "{ABFF71C0-C9FB-4440-877C-E787702E42E8}"
EndProject
Project("{8BC9CEB8-8B4A-11D0-8D11-00A0C91BC942}") = "Chapter6_4", "Chapter6_4\Chapter6_4.vcxproj", "{DF6F169E-D0B4-4204-9522-9FC31C1A8D3A}"
EndProject
Project("{8BC9CEB8-8B4A-11D0-8D11-00A0C91BC942}") = "Chapter6_5", "Chapter6_5\Chapter6_5.vcxproj", "{E1134065-ACCB-4606-A915-BEF161869C6C}"
EndProject
Project("{8BC9CEB8-8B4A-11D0-8D11-00A0C91BC942}") = "Chapter6_6", "Chapter6_6\Chapter6_6.vcxproj", "{5A415649-8DD3-4CCB-9F47-38BD2E3AA251}"
EndProject
Project("{8BC9CEB8-8B4A-11D0-8D11-00A0C91BC942}") = "Chapter6_7", "Chapter6_7\Chapter6_7.vcxproj", "{5C06FE13-2526-49B7-98D1-6229940F7FFA}"
EndProject
Project("{8BC9CEB8-8B4A-11D0-8D11-00A0C91BC942}") = "Chapter6_7a", "Chapter6_8\Chapter6_8.vcxproj", "{4983E896-0E31-487A-A4FB-155B2817D9EA}"
EndProject
Project("{8BC9CEB8-8B4A-11D0-8D11-00A0C91BC942}") = "Chapter6_8a", "Chapter6_8a\Chapter6_8a.vcxproj", "{01138E5D-BF42-4E0F-8665-90BB0EC6E91A}"
EndProject
Project("{8BC9CEB8-8B4A-11D0-8D11-00A0C91BC942}") = "Chapter6_9", "Chapter6_9\Chapter6_9.vcxproj", "{AFF9EC94-A6BB-4F4B-AC4D-05BF63A21426}"
EndProject
Project("{8BC9CEB8-8B4A-11D0-8D11-00A0C91BC942}") = "Chapter6_10", "Chapter6_10\Chapter6_10.vcxproj", "{94F95482-51A1-41CC-B7BC-E6D35E62E6C3}"
EndProject
Project("{8BC9CEB8-8B4A-11D0-8D11-00A0C91BC942}") = "Chapter6_11", "Chapter6_11\Chapter6_11.vcxproj", "{033E6351-99F0-481E-97B4-93C8E269896E}"
EndProject
Project("{8BC9CEB8-8B4A-11D0-8D11-00A0C91BC942}") = "Chapter6_12", "Chapter6_12\Chapter6_12.vcxproj", "{842F4DDE-C620-4D63-982D-15FA90C1C666}"
EndProject
Project("{8BC9CEB8-8B4A-11D0-8D11-00A0C91BC942}") = "Chapter6_13", "Chapter6_13\Chapter6_13.vcxproj", "{9126D6FE-DF60-4A6A-87B0-092B077E3E22}"
EndProject
Project("{8BC9CEB8-8B4A-11D0-8D11-00A0C91BC942}") = "Chapter6_14", "Chapter6_14\Chapter6_14.vcxproj", "{9E7ED212-AC18-459C-A285-4EC4F146BEA2}"
EndProject
Project("{8BC9CEB8-8B4A-11D0-8D11-00A0C91BC942}") = "Chapter6_15", "Chapter6_15\Chapter6_15.vcxproj", "{C6F21A21-3FBC-4DED-9051-EC9954652DEF}"
EndProject
Project("{8BC9CEB8-8B4A-11D0-8D11-00A0C91BC942}") = "Chapter6_16", "Chapter6_16\Chapter6_16.vcxproj", "{78C30FFD-D451-4D36-9A24-F78D6994DEE6}"
EndProject
Project("{8BC9CEB8-8B4A-11D0-8D11-00A0C91BC942}") = "Chapter6_17", "Chapter6_17\Chapter6_17.vcxproj", "{9183C503-8E28-4386-9C56-82F99593279C}"
EndProject
Project("{8BC9CEB8-8B4A-11D0-8D11-00A0C91BC942}") = "Chapter6_18", "Chapter6_18\Chapter6_18.vcxproj", "{AC220865-2194-41FE-9971-73B778B80481}"
EndProject
Global
	GlobalSection(SolutionConfigurationPlatforms) = preSolution
		Debug|x64 = Debug|x64
		Debug|x86 = Debug|x86
		Release|x64 = Release|x64
		Release|x86 = Release|x86
	EndGlobalSection
	GlobalSection(ProjectConfigurationPlatforms) = postSolution
		{FCE79F09-0E85-4D8F-892C-60887AEF5286}.Debug|x64.ActiveCfg = Debug|x64
		{FCE79F09-0E85-4D8F-892C-60887AEF5286}.Debug|x64.Build.0 = Debug|x64
		{FCE79F09-0E85-4D8F-892C-60887AEF5286}.Debug|x86.ActiveCfg = Debug|Win32
		{FCE79F09-0E85-4D8F-892C-60887AEF5286}.Debug|x86.Build.0 = Debug|Win32
		{FCE79F09-0E85-4D8F-892C-60887AEF5286}.Release|x64.ActiveCfg = Release|x64
		{FCE79F09-0E85-4D8F-892C-60887AEF5286}.Release|x64.Build.0 = Release|x64
		{FCE79F09-0E85-4D8F-892C-60887AEF5286}.Release|x86.ActiveCfg = Release|Win32
		{FCE79F09-0E85-4D8F-892C-60887AEF5286}.Release|x86.Build.0 = Release|Win32
		{8BC5AA97-7F3A-41D0-B135-54E1B5E1CEDE}.Debug|x64.ActiveCfg = Debug|x64
		{8BC5AA97-7F3A-41D0-B135-54E1B5E1CEDE}.Debug|x64.Build.0 = Debug|x64
		{8BC5AA97-7F3A-41D0-B135-54E1B5E1CEDE}.Debug|x86.ActiveCfg = Debug|Win32
		{8BC5AA97-7F3A-41D0-B135-54E1B5E1CEDE}.Debug|x86.Build.0 = Debug|Win32
		{8BC5AA97-7F3A-41D0-B135-54E1B5E1CEDE}.Release|x64.ActiveCfg = Release|x64
		{8BC5AA97-7F3A-41D0-B135-54E1B5E1CEDE}.Release|x64.Build.0 = Release|x64
		{8BC5AA97-7F3A-41D0-B135-54E1B5E1CEDE}.Release|x86.ActiveCfg = Release|Win32
		{8BC5AA97-7F3A-41D0-B135-54E1B5E1CEDE}.Release|x86.Build.0 = Release|Win32
		{B73DA1C4-1984-4542-8697-097BF19D99AD}.Debug|x64.ActiveCfg = Debug|x64
		{B73DA1C4-1984-4542-8697-097BF19D99AD}.Debug|x64.Build.0 = Debug|x64
		{B73DA1C4-1984-4542-8697-097BF19D99AD}.Debug|x86.ActiveCfg = Debug|Win32
		{B73DA1C4-1984-4542-8697-097BF19D99AD}.Debug|x86.Build.0 = Debug|Win32
		{B73DA1C4-1984-4542-8697-097BF19D99AD}.Release|x64.ActiveCfg = Release|x64
		{B73DA1C4-1984-4542-8697-097BF19D99AD}.Release|x64.Build.0 = Release|x64
		{B73DA1C4-1984-4542-8697-097BF19D99AD}.Release|x86.ActiveCfg = Release|Win32
		{B73DA1C4-1984-4542-8697-097BF19D99AD}.Release|x86.Build.0 = Release|Win32
		{3729887C-9205-4B9E-A264-1334A999A29F}.Debug|x64.ActiveCfg = Debug|x64
		{3729887C-9205-4B9E-A264-1334A999A29F}.Debug|x64.Build.0 = Debug|x64
		{3729887C-9205-4B9E-A264-1334A999A29F}.Debug|x86.ActiveCfg = Debug|Win32
		{3729887C-9205-4B9E-A264-1334A999A29F}.Debug|x86.Build.0 = Debug|Win32
		{3729887C-9205-4B9E-A264-1334A999A29F}.Release|x64.ActiveCfg = Release|x64
		{3729887C-9205-4B9E-A264-1334A999A29F}.Release|x64.Build.0 = Release|x64
		{3729887C-9205-4B9E-A264-1334A999A29F}.Release|x86.ActiveCfg = Release|Win32
		{3729887C-9205-4B9E-A264-1334A999A29F}.Release|x86.Build.0 = Release|Win32
		{2673BDCF-6471-4DFC-B1D5-5018126783F0}.Debug|x64.ActiveCfg = Debug|x64
		{2673BDCF-6471-4DFC-B1D5-5018126783F0}.Debug|x64.Build.0 = Debug|x64
		{2673BDCF-6471-4DFC-B1D5-5018126783F0}.Debug|x86.ActiveCfg = Debug|Win32
		{2673BDCF-6471-4DFC-B1D5-5018126783F0}.Debug|x86.Build.0 = Debug|Win32
		{2673BDCF-6471-4DFC-B1D5-5018126783F0}.Release|x64.ActiveCfg = Release|x64
		{2673BDCF-6471-4DFC-B1D5-5018126783F0}.Release|x64.Build.0 = Release|x64
		{2673BDCF-6471-4DFC-B1D5-5018126783F0}.Release|x86.ActiveCfg = Release|Win32
		{2673BDCF-6471-4DFC-B1D5-5018126783F0}.Release|x86.Build.0 = Release|Win32
		{2D83BB59-B986-46A6-A1A3-572043E8ECAA}.Debug|x64.ActiveCfg = Debug|x64
		{2D83BB59-B986-46A6-A1A3-572043E8ECAA}.Debug|x64.Build.0 = Debug|x64
		{2D83BB59-B986-46A6-A1A3-572043E8ECAA}.Debug|x86.ActiveCfg = Debug|Win32
		{2D83BB59-B986-46A6-A1A3-572043E8ECAA}.Debug|x86.Build.0 = Debug|Win32
		{2D83BB59-B986-46A6-A1A3-572043E8ECAA}.Release|x64.ActiveCfg = Release|x64
		{2D83BB59-B986-46A6-A1A3-572043E8ECAA}.Release|x64.Build.0 = Release|x64
		{2D83BB59-B986-46A6-A1A3-572043E8ECAA}.Release|x86.ActiveCfg = Release|Win32
		{2D83BB59-B986-46A6-A1A3-572043E8ECAA}.Release|x86.Build.0 = Release|Win32
		{78B23D44-AA84-42AC-A30F-C81DC0E43C93}.Debug|x64.ActiveCfg = Debug|x64
		{78B23D44-AA84-42AC-A30F-C81DC0E43C93}.Debug|x64.Build.0 = Debug|x64
		{78B23D44-AA84-42AC-A30F-C81DC0E43C93}.Debug|x86.ActiveCfg = Debug|Win32
		{78B23D44-AA84-42AC-A30F-C81DC0E43C93}.Debug|x86.Build.0 = Debug|Win32
		{78B23D44-AA84-42AC-A30F-C81DC0E43C93}.Release|x64.ActiveCfg = Release|x64
		{78B23D44-AA84-42AC-A30F-C81DC0E43C93}.Release|x64.Build.0 = Release|x64
		{78B23D44-AA84-42AC-A30F-C81DC0E43C93}.Release|x86.ActiveCfg = Release|Win32
		{78B23D44-AA84-42AC-A30F-C81DC0E43C93}.Release|x86.Build.0 = Release|Win32
		{909D81B2-775B-455F-927C-68B45C457568}.Debug|x64.ActiveCfg = Debug|x64
		{909D81B2-775B-455F-927C-68B45C457568}.Debug|x64.Build.0 = Debug|x64
		{909D81B2-775B-455F-927C-68B45C457568}.Debug|x86.ActiveCfg = Debug|Win32
		{909D81B2-775B-455F-927C-68B45C457568}.Debug|x86.Build.0 = Debug|Win32
		{909D81B2-775B-455F-927C-68B45C457568}.Release|x64.ActiveCfg = Release|x64
		{909D81B2-775B-455F-927C-68B45C457568}.Release|x64.Build.0 = Release|x64
		{909D81B2-775B-455F-927C-68B45C457568}.Release|x86.ActiveCfg = Release|Win32
		{909D81B2-775B-455F-927C-68B45C457568}.Release|x86.Build.0 = Release|Win32
		{B8D4A803-F265-45E3-8FB0-5BD3FA455676}.Debug|x64.ActiveCfg = Debug|x64
		{B8D4A803-F265-45E3-8FB0-5BD3FA455676}.Debug|x64.Build.0 = Debug|x64
		{B8D4A803-F265-45E3-8FB0-5BD3FA455676}.Debug|x86.ActiveCfg = Debug|Win32
		{B8D4A803-F265-45E3-8FB0-5BD3FA455676}.Debug|x86.Build.0 = Debug|Win32
		{B8D4A803-F265-45E3-8FB0-5BD3FA455676}.Release|x64.ActiveCfg = Release|x64
		{B8D4A803-F265-45E3-8FB0-5BD3FA455676}.Release|x64.Build.0 = Release|x64
		{B8D4A803-F265-45E3-8FB0-5BD3FA455676}.Release|x86.ActiveCfg = Release|Win32
		{B8D4A803-F265-45E3-8FB0-5BD3FA455676}.Release|x86.Build.0 = Release|Win32
		{7CE3AD48-C5C2-401E-B169-8EBB5E9080F6}.Debug|x64.ActiveCfg = Debug|x64
		{7CE3AD48-C5C2-401E-B169-8EBB5E9080F6}.Debug|x64.Build.0 = Debug|x64
		{7CE3AD48-C5C2-401E-B169-8EBB5E9080F6}.Debug|x86.ActiveCfg = Debug|Win32
		{7CE3AD48-C5C2-401E-B169-8EBB5E9080F6}.Debug|x86.Build.0 = Debug|Win32
		{7CE3AD48-C5C2-401E-B169-8EBB5E9080F6}.Release|x64.ActiveCfg = Release|x64
		{7CE3AD48-C5C2-401E-B169-8EBB5E9080F6}.Release|x64.Build.0 = Release|x64
		{7CE3AD48-C5C2-401E-B169-8EBB5E9080F6}.Release|x86.ActiveCfg = Release|Win32
		{7CE3AD48-C5C2-401E-B169-8EBB5E9080F6}.Release|x86.Build.0 = Release|Win32
		{B9FE7175-3E2F-4732-97F5-8DA268D843EE}.Debug|x64.ActiveCfg = Debug|x64
		{B9FE7175-3E2F-4732-97F5-8DA268D843EE}.Debug|x64.Build.0 = Debug|x64
		{B9FE7175-3E2F-4732-97F5-8DA268D843EE}.Debug|x86.ActiveCfg = Debug|Win32
		{B9FE7175-3E2F-4732-97F5-8DA268D843EE}.Debug|x86.Build.0 = Debug|Win32
		{B9FE7175-3E2F-4732-97F5-8DA268D843EE}.Release|x64.ActiveCfg = Release|x64
		{B9FE7175-3E2F-4732-97F5-8DA268D843EE}.Release|x64.Build.0 = Release|x64
		{B9FE7175-3E2F-4732-97F5-8DA268D843EE}.Release|x86.ActiveCfg = Release|Win32
		{B9FE7175-3E2F-4732-97F5-8DA268D843EE}.Release|x86.Build.0 = Release|Win32
		{FC338F89-344A-4793-A1A8-5248259A744D}.Debug|x64.ActiveCfg = Debug|x64
		{FC338F89-344A-4793-A1A8-5248259A744D}.Debug|x64.Build.0 = Debug|x64
		{FC338F89-344A-4793-A1A8-5248259A744D}.Debug|x86.ActiveCfg = Debug|Win32
		{FC338F89-344A-4793-A1A8-5248259A744D}.Debug|x86.Build.0 = Debug|Win32
		{FC338F89-344A-4793-A1A8-5248259A744D}.Release|x64.ActiveCfg = Release|x64
		{FC338F89-344A-4793-A1A8-5248259A744D}.Release|x64.Build.0 = Release|x64
		{FC338F89-344A-4793-A1A8-5248259A744D}.Release|x86.ActiveCfg = Release|Win32
		{FC338F89-344A-4793-A1A8-5248259A744D}.Release|x86.Build.0 = Release|Win32
		{8FCA6777-714E-4E73-AD24-0DF93BD81270}.Debug|x64.ActiveCfg = Debug|x64
		{8FCA6777-714E-4E73-AD24-0DF93BD81270}.Debug|x64.Build.0 = Debug|x64
		{8FCA6777-714E-4E73-AD24-0DF93BD81270}.Debug|x86.ActiveCfg = Debug|Win32
		{8FCA6777-714E-4E73-AD24-0DF93BD81270}.Debug|x86.Build.0 = Debug|Win32
		{8FCA6777-714E-4E73-AD24-0DF93BD81270}.Release|x64.ActiveCfg = Release|x64
		{8FCA6777-714E-4E73-AD24-0DF93BD81270}.Release|x64.Build.0 = Release|x64
		{8FCA6777-714E-4E73-AD24-0DF93BD81270}.Release|x86.ActiveCfg = Release|Win32
		{8FCA6777-714E-4E73-AD24-0DF93BD81270}.Release|x86.Build.0 = Release|Win32
		{FD4B2BEA-48EE-4209-BAC7-C1AE68FB06D3}.Debug|x64.ActiveCfg = Debug|x64
		{FD4B2BEA-48EE-4209-BAC7-C1AE68FB06D3}.Debug|x64.Build.0 = Debug|x64
		{FD4B2BEA-48EE-4209-BAC7-C1AE68FB06D3}.Debug|x86.ActiveCfg = Debug|Win32
		{FD4B2BEA-48EE-4209-BAC7-C1AE68FB06D3}.Debug|x86.Build.0 = Debug|Win32
		{FD4B2BEA-48EE-4209-BAC7-C1AE68FB06D3}.Release|x64.ActiveCfg = Release|x64
		{FD4B2BEA-48EE-4209-BAC7-C1AE68FB06D3}.Release|x64.Build.0 = Release|x64
		{FD4B2BEA-48EE-4209-BAC7-C1AE68FB06D3}.Release|x86.ActiveCfg = Release|Win32
		{FD4B2BEA-48EE-4209-BAC7-C1AE68FB06D3}.Release|x86.Build.0 = Release|Win32
		{911F5F01-D142-45AF-8097-4FE64833A080}.Debug|x64.ActiveCfg = Debug|x64
		{911F5F01-D142-45AF-8097-4FE64833A080}.Debug|x64.Build.0 = Debug|x64
		{911F5F01-D142-45AF-8097-4FE64833A080}.Debug|x86.ActiveCfg = Debug|Win32
		{911F5F01-D142-45AF-8097-4FE64833A080}.Debug|x86.Build.0 = Debug|Win32
		{911F5F01-D142-45AF-8097-4FE64833A080}.Release|x64.ActiveCfg = Release|x64
		{911F5F01-D142-45AF-8097-4FE64833A080}.Release|x64.Build.0 = Release|x64
		{911F5F01-D142-45AF-8097-4FE64833A080}.Release|x86.ActiveCfg = Release|Win32
		{911F5F01-D142-45AF-8097-4FE64833A080}.Release|x86.Build.0 = Release|Win32
		{0D118C8B-3F90-4B16-B8C9-54F06B9D35CD}.Debug|x64.ActiveCfg = Debug|x64
		{0D118C8B-3F90-4B16-B8C9-54F06B9D35CD}.Debug|x64.Build.0 = Debug|x64
		{0D118C8B-3F90-4B16-B8C9-54F06B9D35CD}.Debug|x86.ActiveCfg = Debug|Win32
		{0D118C8B-3F90-4B16-B8C9-54F06B9D35CD}.Debug|x86.Build.0 = Debug|Win32
		{0D118C8B-3F90-4B16-B8C9-54F06B9D35CD}.Release|x64.ActiveCfg = Release|x64
		{0D118C8B-3F90-4B16-B8C9-54F06B9D35CD}.Release|x64.Build.0 = Release|x64
		{0D118C8B-3F90-4B16-B8C9-54F06B9D35CD}.Release|x86.ActiveCfg = Release|Win32
		{0D118C8B-3F90-4B16-B8C9-54F06B9D35CD}.Release|x86.Build.0 = Release|Win32
		{DC99CE78-5F80-439A-802F-F65E8D33F5B6}.Debug|x64.ActiveCfg = Debug|x64
		{DC99CE78-5F80-439A-802F-F65E8D33F5B6}.Debug|x64.Build.0 = Debug|x64
		{DC99CE78-5F80-439A-802F-F65E8D33F5B6}.Debug|x86.ActiveCfg = Debug|Win32
		{DC99CE78-5F80-439A-802F-F65E8D33F5B6}.Debug|x86.Build.0 = Debug|Win32
		{DC99CE78-5F80-439A-802F-F65E8D33F5B6}.Release|x64.ActiveCfg = Release|x64
		{DC99CE78-5F80-439A-802F-F65E8D33F5B6}.Release|x64.Build.0 = Release|x64
		{DC99CE78-5F80-439A-802F-F65E8D33F5B6}.Release|x86.ActiveCfg = Release|Win32
		{DC99CE78-5F80-439A-802F-F65E8D33F5B6}.Release|x86.Build.0 = Release|Win32
		{F13A6B4C-C54C-459F-AB21-E9606DC746F8}.Debug|x64.ActiveCfg = Debug|x64
		{F13A6B4C-C54C-459F-AB21-E9606DC746F8}.Debug|x64.Build.0 = Debug|x64
		{F13A6B4C-C54C-459F-AB21-E9606DC746F8}.Debug|x86.ActiveCfg = Debug|Win32
		{F13A6B4C-C54C-459F-AB21-E9606DC746F8}.Debug|x86.Build.0 = Debug|Win32
		{F13A6B4C-C54C-459F-AB21-E9606DC746F8}.Release|x64.ActiveCfg = Release|x64
		{F13A6B4C-C54C-459F-AB21-E9606DC746F8}.Release|x64.Build.0 = Release|x64
		{F13A6B4C-C54C-459F-AB21-E9606DC746F8}.Release|x86.ActiveCfg = Release|Win32
		{F13A6B4C-C54C-459F-AB21-E9606DC746F8}.Release|x86.Build.0 = Release|Win32
		{E4F0E8F8-92DB-4320-B8FF-D1BA5D0F6619}.Debug|x64.ActiveCfg = Debug|x64
		{E4F0E8F8-92DB-4320-B8FF-D1BA5D0F6619}.Debug|x64.Build.0 = Debug|x64
		{E4F0E8F8-92DB-4320-B8FF-D1BA5D0F6619}.Debug|x86.ActiveCfg = Debug|Win32
		{E4F0E8F8-92DB-4320-B8FF-D1BA5D0F6619}.Debug|x86.Build.0 = Debug|Win32
		{E4F0E8F8-92DB-4320-B8FF-D1BA5D0F6619}.Release|x64.ActiveCfg = Release|x64
		{E4F0E8F8-92DB-4320-B8FF-D1BA5D0F6619}.Release|x64.Build.0 = Release|x64
		{E4F0E8F8-92DB-4320-B8FF-D1BA5D0F6619}.Release|x86.ActiveCfg = Release|Win32
		{E4F0E8F8-92DB-4320-B8FF-D1BA5D0F6619}.Release|x86.Build.0 = Release|Win32
		{CD4489DB-BF57-40DC-A2F1-E0A9E2082B5F}.Debug|x64.ActiveCfg = Debug|x64
		{CD4489DB-BF57-40DC-A2F1-E0A9E2082B5F}.Debug|x64.Build.0 = Debug|x64
		{CD4489DB-BF57-40DC-A2F1-E0A9E2082B5F}.Debug|x86.ActiveCfg = Debug|Win32
		{CD4489DB-BF57-40DC-A2F1-E0A9E2082B5F}.Debug|x86.Build.0 = Debug|Win32
		{CD4489DB-BF57-40DC-A2F1-E0A9E2082B5F}.Release|x64.ActiveCfg = Release|x64
		{CD4489DB-BF57-40DC-A2F1-E0A9E2082B5F}.Release|x64.Build.0 = Release|x64
		{CD4489DB-BF57-40DC-A2F1-E0A9E2082B5F}.Release|x86.ActiveCfg = Release|Win32
		{CD4489DB-BF57-40DC-A2F1-E0A9E2082B5F}.Release|x86.Build.0 = Release|Win32
		{3845FB76-222D-4ADC-96FA-0252C43EBD0F}.Debug|x64.ActiveCfg = Debug|x64
		{3845FB76-222D-4ADC-96FA-0252C43EBD0F}.Debug|x64.Build.0 = Debug|x64
		{3845FB76-222D-4ADC-96FA-0252C43EBD0F}.Debug|x86.ActiveCfg = Debug|Win32
		{3845FB76-222D-4ADC-96FA-0252C43EBD0F}.Debug|x86.Build.0 = Debug|Win32
		{3845FB76-222D-4ADC-96FA-0252C43EBD0F}.Release|x64.ActiveCfg = Release|x64
		{3845FB76-222D-4ADC-96FA-0252C43EBD0F}.Release|x64.Build.0 = Release|x64
		{3845FB76-222D-4ADC-96FA-0252C43EBD0F}.Release|x86.ActiveCfg = Release|Win32
		{3845FB76-222D-4ADC-96FA-0252C43EBD0F}.Release|x86.Build.0 = Release|Win32
		{E1085655-4B0E-46D8-9C18-3C2ECBDE2857}.Debug|x64.ActiveCfg = Debug|x64
		{E1085655-4B0E-46D8-9C18-3C2ECBDE2857}.Debug|x64.Build.0 = Debug|x64
		{E1085655-4B0E-46D8-9C18-3C2ECBDE2857}.Debug|x86.ActiveCfg = Debug|Win32
		{E1085655-4B0E-46D8-9C18-3C2ECBDE2857}.Debug|x86.Build.0 = Debug|Win32
		{E1085655-4B0E-46D8-9C18-3C2ECBDE2857}.Release|x64.ActiveCfg = Release|x64
		{E1085655-4B0E-46D8-9C18-3C2ECBDE2857}.Release|x64.Build.0 = Release|x64
		{E1085655-4B0E-46D8-9C18-3C2ECBDE2857}.Release|x86.ActiveCfg = Release|Win32
		{E1085655-4B0E-46D8-9C18-3C2ECBDE2857}.Release|x86.Build.0 = Release|Win32
		{DB4F3C0E-3FE6-417C-9D6C-9DB4DF7734F1}.Debug|x64.ActiveCfg = Debug|x64
		{DB4F3C0E-3FE6-417C-9D6C-9DB4DF7734F1}.Debug|x64.Build.0 = Debug|x64
		{DB4F3C0E-3FE6-417C-9D6C-9DB4DF7734F1}.Debug|x86.ActiveCfg = Debug|Win32
		{DB4F3C0E-3FE6-417C-9D6C-9DB4DF7734F1}.Debug|x86.Build.0 = Debug|Win32
		{DB4F3C0E-3FE6-417C-9D6C-9DB4DF7734F1}.Release|x64.ActiveCfg = Release|x64
		{DB4F3C0E-3FE6-417C-9D6C-9DB4DF7734F1}.Release|x64.Build.0 = Release|x64
		{DB4F3C0E-3FE6-417C-9D6C-9DB4DF7734F1}.Release|x86.ActiveCfg = Release|Win32
		{DB4F3C0E-3FE6-417C-9D6C-9DB4DF7734F1}.Release|x86.Build.0 = Release|Win32
		{42F1B81D-7F1D-4DAD-921E-2EE7CD4CC6A3}.Debug|x64.ActiveCfg = Debug|x64
		{42F1B81D-7F1D-4DAD-921E-2EE7CD4CC6A3}.Debug|x64.Build.0 = Debug|x64
		{42F1B81D-7F1D-4DAD-921E-2EE7CD4CC6A3}.Debug|x86.ActiveCfg = Debug|Win32
		{42F1B81D-7F1D-4DAD-921E-2EE7CD4CC6A3}.Debug|x86.Build.0 = Debug|Win32
		{42F1B81D-7F1D-4DAD-921E-2EE7CD4CC6A3}.Release|x64.ActiveCfg = Release|x64
		{42F1B81D-7F1D-4DAD-921E-2EE7CD4CC6A3}.Release|x64.Build.0 = Release|x64
		{42F1B81D-7F1D-4DAD-921E-2EE7CD4CC6A3}.Release|x86.ActiveCfg = Release|Win32
		{42F1B81D-7F1D-4DAD-921E-2EE7CD4CC6A3}.Release|x86.Build.0 = Release|Win32
		{DFF58ACB-93B9-46B9-BB07-573F061C8A3F}.Debug|x64.ActiveCfg = Debug|x64
		{DFF58ACB-93B9-46B9-BB07-573F061C8A3F}.Debug|x64.Build.0 = Debug|x64
		{DFF58ACB-93B9-46B9-BB07-573F061C8A3F}.Debug|x86.ActiveCfg = Debug|Win32
		{DFF58ACB-93B9-46B9-BB07-573F061C8A3F}.Debug|x86.Build.0 = Debug|Win32
		{DFF58ACB-93B9-46B9-BB07-573F061C8A3F}.Release|x64.ActiveCfg = Release|x64
		{DFF58ACB-93B9-46B9-BB07-573F061C8A3F}.Release|x64.Build.0 = Release|x64
		{DFF58ACB-93B9-46B9-BB07-573F061C8A3F}.Release|x86.ActiveCfg = Release|Win32
		{DFF58ACB-93B9-46B9-BB07-573F061C8A3F}.Release|x86.Build.0 = Release|Win32
		{886CD65D-DEC4-4D91-8D43-A30A3DF1472C}.Debug|x64.ActiveCfg = Debug|x64
		{886CD65D-DEC4-4D91-8D43-A30A3DF1472C}.Debug|x64.Build.0 = Debug|x64
		{886CD65D-DEC4-4D91-8D43-A30A3DF1472C}.Debug|x86.ActiveCfg = Debug|Win32
		{886CD65D-DEC4-4D91-8D43-A30A3DF1472C}.Debug|x86.Build.0 = Debug|Win32
		{886CD65D-DEC4-4D91-8D43-A30A3DF1472C}.Release|x64.ActiveCfg = Release|x64
		{886CD65D-DEC4-4D91-8D43-A30A3DF1472C}.Release|x64.Build.0 = Release|x64
		{886CD65D-DEC4-4D91-8D43-A30A3DF1472C}.Release|x86.ActiveCfg = Release|Win32
		{886CD65D-DEC4-4D91-8D43-A30A3DF1472C}.Release|x86.Build.0 = Release|Win32
		{8B665D42-37FC-4887-A234-265F6EFC6788}.Debug|x64.ActiveCfg = Debug|x64
		{8B665D42-37FC-4887-A234-265F6EFC6788}.Debug|x64.Build.0 = Debug|x64
		{8B665D42-37FC-4887-A234-265F6EFC6788}.Debug|x86.ActiveCfg = Debug|Win32
		{8B665D42-37FC-4887-A234-265F6EFC6788}.Debug|x86.Build.0 = Debug|Win32
		{8B665D42-37FC-4887-A234-265F6EFC6788}.Release|x64.ActiveCfg = Release|x64
		{8B665D42-37FC-4887-A234-265F6EFC6788}.Release|x64.Build.0 = Release|x64
		{8B665D42-37FC-4887-A234-265F6EFC6788}.Release|x86.ActiveCfg = Release|Win32
		{8B665D42-37FC-4887-A234-265F6EFC6788}.Release|x86.Build.0 = Release|Win32
		{15A80AB3-6C19-436F-A876-3535743A5E1D}.Debug|x64.ActiveCfg = Debug|x64
		{15A80AB3-6C19-436F-A876-3535743A5E1D}.Debug|x64.Build.0 = Debug|x64
		{15A80AB3-6C19-436F-A876-3535743A5E1D}.Debug|x86.ActiveCfg = Debug|Win32
		{15A80AB3-6C19-436F-A876-3535743A5E1D}.Debug|x86.Build.0 = Debug|Win32
		{15A80AB3-6C19-436F-A876-3535743A5E1D}.Release|x64.ActiveCfg = Release|x64
		{15A80AB3-6C19-436F-A876-3535743A5E1D}.Release|x64.Build.0 = Release|x64
		{15A80AB3-6C19-436F-A876-3535743A5E1D}.Release|x86.ActiveCfg = Release|Win32
		{15A80AB3-6C19-436F-A876-3535743A5E1D}.Release|x86.Build.0 = Release|Win32
		{9BE82BE6-6373-4FFB-BB0E-1CE070CD083C}.Debug|x64.ActiveCfg = Debug|x64
		{9BE82BE6-6373-4FFB-BB0E-1CE070CD083C}.Debug|x64.Build.0 = Debug|x64
		{9BE82BE6-6373-4FFB-BB0E-1CE070CD083C}.Debug|x86.ActiveCfg = Debug|Win32
		{9BE82BE6-6373-4FFB-BB0E-1CE070CD083C}.Debug|x86.Build.0 = Debug|Win32
		{9BE82BE6-6373-4FFB-BB0E-1CE070CD083C}.Release|x64.ActiveCfg = Release|x64
		{9BE82BE6-6373-4FFB-BB0E-1CE070CD083C}.Release|x64.Build.0 = Release|x64
		{9BE82BE6-6373-4FFB-BB0E-1CE070CD083C}.Release|x86.ActiveCfg = Release|Win32
		{9BE82BE6-6373-4FFB-BB0E-1CE070CD083C}.Release|x86.Build.0 = Release|Win32
		{11BF4A44-6AEC-453A-ACEC-ADBEAC341560}.Debug|x64.ActiveCfg = Debug|x64
		{11BF4A44-6AEC-453A-ACEC-ADBEAC341560}.Debug|x64.Build.0 = Debug|x64
		{11BF4A44-6AEC-453A-ACEC-ADBEAC341560}.Debug|x86.ActiveCfg = Debug|Win32
		{11BF4A44-6AEC-453A-ACEC-ADBEAC341560}.Debug|x86.Build.0 = Debug|Win32
		{11BF4A44-6AEC-453A-ACEC-ADBEAC341560}.Release|x64.ActiveCfg = Release|x64
		{11BF4A44-6AEC-453A-ACEC-ADBEAC341560}.Release|x64.Build.0 = Release|x64
		{11BF4A44-6AEC-453A-ACEC-ADBEAC341560}.Release|x86.ActiveCfg = Release|Win32
		{11BF4A44-6AEC-453A-ACEC-ADBEAC341560}.Release|x86.Build.0 = Release|Win32
		{178C0E3A-5744-4341-8534-29C51AAB4C05}.Debug|x64.ActiveCfg = Debug|x64
		{178C0E3A-5744-4341-8534-29C51AAB4C05}.Debug|x64.Build.0 = Debug|x64
		{178C0E3A-5744-4341-8534-29C51AAB4C05}.Debug|x86.ActiveCfg = Debug|Win32
		{178C0E3A-5744-4341-8534-29C51AAB4C05}.Debug|x86.Build.0 = Debug|Win32
		{178C0E3A-5744-4341-8534-29C51AAB4C05}.Release|x64.ActiveCfg = Release|x64
		{178C0E3A-5744-4341-8534-29C51AAB4C05}.Release|x64.Build.0 = Release|x64
		{178C0E3A-5744-4341-8534-29C51AAB4C05}.Release|x86.ActiveCfg = Release|Win32
		{178C0E3A-5744-4341-8534-29C51AAB4C05}.Release|x86.Build.0 = Release|Win32
		{BA0031D6-DAE8-4F40-AE34-B6DE71052882}.Debug|x64.ActiveCfg = Debug|x64
		{BA0031D6-DAE8-4F40-AE34-B6DE71052882}.Debug|x64.Build.0 = Debug|x64
		{BA0031D6-DAE8-4F40-AE34-B6DE71052882}.Debug|x86.ActiveCfg = Debug|Win32
		{BA0031D6-DAE8-4F40-AE34-B6DE71052882}.Debug|x86.Build.0 = Debug|Win32
		{BA0031D6-DAE8-4F40-AE34-B6DE71052882}.Release|x64.ActiveCfg = Release|x64
		{BA0031D6-DAE8-4F40-AE34-B6DE71052882}.Release|x64.Build.0 = Release|x64
		{BA0031D6-DAE8-4F40-AE34-B6DE71052882}.Release|x86.ActiveCfg = Release|Win32
		{BA0031D6-DAE8-4F40-AE34-B6DE71052882}.Release|x86.Build.0 = Release|Win32
		{1867AC62-3903-49E5-B62A-4B92912BCE60}.Debug|x64.ActiveCfg = Debug|x64
		{1867AC62-3903-49E5-B62A-4B92912BCE60}.Debug|x64.Build.0 = Debug|x64
		{1867AC62-3903-49E5-B62A-4B92912BCE60}.Debug|x86.ActiveCfg = Debug|Win32
		{1867AC62-3903-49E5-B62A-4B92912BCE60}.Debug|x86.Build.0 = Debug|Win32
		{1867AC62-3903-49E5-B62A-4B92912BCE60}.Release|x64.ActiveCfg = Release|x64
		{1867AC62-3903-49E5-B62A-4B92912BCE60}.Release|x64.Build.0 = Release|x64
		{1867AC62-3903-49E5-B62A-4B92912BCE60}.Release|x86.ActiveCfg = Release|Win32
		{1867AC62-3903-49E5-B62A-4B92912BCE60}.Release|x86.Build.0 = Release|Win32
		{52ECFE10-D4A8-4DB0-B790-DA8BA526A78E}.Debug|x64.ActiveCfg = Debug|x64
		{52ECFE10-D4A8-4DB0-B790-DA8BA526A78E}.Debug|x64.Build.0 = Debug|x64
		{52ECFE10-D4A8-4DB0-B790-DA8BA526A78E}.Debug|x86.ActiveCfg = Debug|Win32
		{52ECFE10-D4A8-4DB0-B790-DA8BA526A78E}.Debug|x86.Build.0 = Debug|Win32
		{52ECFE10-D4A8-4DB0-B790-DA8BA526A78E}.Release|x64.ActiveCfg = Release|x64
		{52ECFE10-D4A8-4DB0-B790-DA8BA526A78E}.Release|x64.Build.0 = Release|x64
		{52ECFE10-D4A8-4DB0-B790-DA8BA526A78E}.Release|x86.ActiveCfg = Release|Win32
		{52ECFE10-D4A8-4DB0-B790-DA8BA526A78E}.Release|x86.Build.0 = Release|Win32
		{FA6808AC-2B0B-4BA0-A7EC-0D52C81D234E}.Debug|x64.ActiveCfg = Debug|x64
		{FA6808AC-2B0B-4BA0-A7EC-0D52C81D234E}.Debug|x64.Build.0 = Debug|x64
		{FA6808AC-2B0B-4BA0-A7EC-0D52C81D234E}.Debug|x86.ActiveCfg = Debug|Win32
		{FA6808AC-2B0B-4BA0-A7EC-0D52C81D234E}.Debug|x86.Build.0 = Debug|Win32
		{FA6808AC-2B0B-4BA0-A7EC-0D52C81D234E}.Release|x64.ActiveCfg = Release|x64
		{FA6808AC-2B0B-4BA0-A7EC-0D52C81D234E}.Release|x64.Build.0 = Release|x64
		{FA6808AC-2B0B-4BA0-A7EC-0D52C81D234E}.Release|x86.ActiveCfg = Release|Win32
		{FA6808AC-2B0B-4BA0-A7EC-0D52C81D234E}.Release|x86.Build.0 = Release|Win32
		{D91D3680-844A-44E8-9A16-11232D612E97}.Debug|x64.ActiveCfg = Debug|x64
		{D91D3680-844A-44E8-9A16-11232D612E97}.Debug|x64.Build.0 = Debug|x64
		{D91D3680-844A-44E8-9A16-11232D612E97}.Debug|x86.ActiveCfg = Debug|Win32
		{D91D3680-844A-44E8-9A16-11232D612E97}.Debug|x86.Build.0 = Debug|Win32
		{D91D3680-844A-44E8-9A16-11232D612E97}.Release|x64.ActiveCfg = Release|x64
		{D91D3680-844A-44E8-9A16-11232D612E97}.Release|x64.Build.0 = Release|x64
		{D91D3680-844A-44E8-9A16-11232D612E97}.Release|x86.ActiveCfg = Release|Win32
		{D91D3680-844A-44E8-9A16-11232D612E97}.Release|x86.Build.0 = Release|Win32
		{8903C2FC-F9D0-4450-AFF1-79E6C58BA3A2}.Debug|x64.ActiveCfg = Debug|x64
		{8903C2FC-F9D0-4450-AFF1-79E6C58BA3A2}.Debug|x64.Build.0 = Debug|x64
		{8903C2FC-F9D0-4450-AFF1-79E6C58BA3A2}.Debug|x86.ActiveCfg = Debug|Win32
		{8903C2FC-F9D0-4450-AFF1-79E6C58BA3A2}.Debug|x86.Build.0 = Debug|Win32
		{8903C2FC-F9D0-4450-AFF1-79E6C58BA3A2}.Release|x64.ActiveCfg = Release|x64
		{8903C2FC-F9D0-4450-AFF1-79E6C58BA3A2}.Release|x64.Build.0 = Release|x64
		{8903C2FC-F9D0-4450-AFF1-79E6C58BA3A2}.Release|x86.ActiveCfg = Release|Win32
		{8903C2FC-F9D0-4450-AFF1-79E6C58BA3A2}.Release|x86.Build.0 = Release|Win32
		{191605FB-9808-4B04-9484-EF143ED526B3}.Debug|x64.ActiveCfg = Debug|x64
		{191605FB-9808-4B04-9484-EF143ED526B3}.Debug|x64.Build.0 = Debug|x64
		{191605FB-9808-4B04-9484-EF143ED526B3}.Debug|x86.ActiveCfg = Debug|Win32
		{191605FB-9808-4B04-9484-EF143ED526B3}.Debug|x86.Build.0 = Debug|Win32
		{191605FB-9808-4B04-9484-EF143ED526B3}.Release|x64.ActiveCfg = Release|x64
		{191605FB-9808-4B04-9484-EF143ED526B3}.Release|x64.Build.0 = Release|x64
		{191605FB-9808-4B04-9484-EF143ED526B3}.Release|x86.ActiveCfg = Release|Win32
		{191605FB-9808-4B04-9484-EF143ED526B3}.Release|x86.Build.0 = Release|Win32
		{07952A90-65EA-46C9-9778-94937D8E18B8}.Debug|x64.ActiveCfg = Debug|x64
		{07952A90-65EA-46C9-9778-94937D8E18B8}.Debug|x64.Build.0 = Debug|x64
		{07952A90-65EA-46C9-9778-94937D8E18B8}.Debug|x86.ActiveCfg = Debug|Win32
		{07952A90-65EA-46C9-9778-94937D8E18B8}.Debug|x86.Build.0 = Debug|Win32
		{07952A90-65EA-46C9-9778-94937D8E18B8}.Release|x64.ActiveCfg = Release|x64
		{07952A90-65EA-46C9-9778-94937D8E18B8}.Release|x64.Build.0 = Release|x64
		{07952A90-65EA-46C9-9778-94937D8E18B8}.Release|x86.ActiveCfg = Release|Win32
		{07952A90-65EA-46C9-9778-94937D8E18B8}.Release|x86.Build.0 = Release|Win32
		{F4CCAA5D-4FF4-4372-935B-88A30E7AECC1}.Debug|x64.ActiveCfg = Debug|x64
		{F4CCAA5D-4FF4-4372-935B-88A30E7AECC1}.Debug|x64.Build.0 = Debug|x64
		{F4CCAA5D-4FF4-4372-935B-88A30E7AECC1}.Debug|x86.ActiveCfg = Debug|Win32
		{F4CCAA5D-4FF4-4372-935B-88A30E7AECC1}.Debug|x86.Build.0 = Debug|Win32
		{F4CCAA5D-4FF4-4372-935B-88A30E7AECC1}.Release|x64.ActiveCfg = Release|x64
		{F4CCAA5D-4FF4-4372-935B-88A30E7AECC1}.Release|x64.Build.0 = Release|x64
		{F4CCAA5D-4FF4-4372-935B-88A30E7AECC1}.Release|x86.ActiveCfg = Release|Win32
		{F4CCAA5D-4FF4-4372-935B-88A30E7AECC1}.Release|x86.Build.0 = Release|Win32
		{55D44AE0-BBA8-418D-BC7A-00694304697A}.Debug|x64.ActiveCfg = Debug|x64
		{55D44AE0-BBA8-418D-BC7A-00694304697A}.Debug|x64.Build.0 = Debug|x64
		{55D44AE0-BBA8-418D-BC7A-00694304697A}.Debug|x86.ActiveCfg = Debug|Win32
		{55D44AE0-BBA8-418D-BC7A-00694304697A}.Debug|x86.Build.0 = Debug|Win32
		{55D44AE0-BBA8-418D-BC7A-00694304697A}.Release|x64.ActiveCfg = Release|x64
		{55D44AE0-BBA8-418D-BC7A-00694304697A}.Release|x64.Build.0 = Release|x64
		{55D44AE0-BBA8-418D-BC7A-00694304697A}.Release|x86.ActiveCfg = Release|Win32
		{55D44AE0-BBA8-418D-BC7A-00694304697A}.Release|x86.Build.0 = Release|Win32
		{2C84B7DE-FF49-4497-9ED1-6D27CA77BB26}.Debug|x64.ActiveCfg = Debug|x64
		{2C84B7DE-FF49-4497-9ED1-6D27CA77BB26}.Debug|x64.Build.0 = Debug|x64
		{2C84B7DE-FF49-4497-9ED1-6D27CA77BB26}.Debug|x86.ActiveCfg = Debug|Win32
		{2C84B7DE-FF49-4497-9ED1-6D27CA77BB26}.Debug|x86.Build.0 = Debug|Win32
		{2C84B7DE-FF49-4497-9ED1-6D27CA77BB26}.Release|x64.ActiveCfg = Release|x64
		{2C84B7DE-FF49-4497-9ED1-6D27CA77BB26}.Release|x64.Build.0 = Release|x64
		{2C84B7DE-FF49-4497-9ED1-6D27CA77BB26}.Release|x86.ActiveCfg = Release|Win32
		{2C84B7DE-FF49-4497-9ED1-6D27CA77BB26}.Release|x86.Build.0 = Release|Win32
		{CE596AA0-44D2-4327-B8E8-21A91587AB31}.Debug|x64.ActiveCfg = Debug|x64
		{CE596AA0-44D2-4327-B8E8-21A91587AB31}.Debug|x64.Build.0 = Debug|x64
		{CE596AA0-44D2-4327-B8E8-21A91587AB31}.Debug|x86.ActiveCfg = Debug|Win32
		{CE596AA0-44D2-4327-B8E8-21A91587AB31}.Debug|x86.Build.0 = Debug|Win32
		{CE596AA0-44D2-4327-B8E8-21A91587AB31}.Release|x64.ActiveCfg = Release|x64
		{CE596AA0-44D2-4327-B8E8-21A91587AB31}.Release|x64.Build.0 = Release|x64
		{CE596AA0-44D2-4327-B8E8-21A91587AB31}.Release|x86.ActiveCfg = Release|Win32
		{CE596AA0-44D2-4327-B8E8-21A91587AB31}.Release|x86.Build.0 = Release|Win32
		{464D42A0-73F0-4FEA-BBCA-3FA37F2A66C4}.Debug|x64.ActiveCfg = Debug|x64
		{464D42A0-73F0-4FEA-BBCA-3FA37F2A66C4}.Debug|x64.Build.0 = Debug|x64
		{464D42A0-73F0-4FEA-BBCA-3FA37F2A66C4}.Debug|x86.ActiveCfg = Debug|Win32
		{464D42A0-73F0-4FEA-BBCA-3FA37F2A66C4}.Debug|x86.Build.0 = Debug|Win32
		{464D42A0-73F0-4FEA-BBCA-3FA37F2A66C4}.Release|x64.ActiveCfg = Release|x64
		{464D42A0-73F0-4FEA-BBCA-3FA37F2A66C4}.Release|x64.Build.0 = Release|x64
		{464D42A0-73F0-4FEA-BBCA-3FA37F2A66C4}.Release|x86.ActiveCfg = Release|Win32
		{464D42A0-73F0-4FEA-BBCA-3FA37F2A66C4}.Release|x86.Build.0 = Release|Win32
		{CBBBFE4E-702C-4E11-8F76-26C807C70F41}.Debug|x64.ActiveCfg = Debug|x64
		{CBBBFE4E-702C-4E11-8F76-26C807C70F41}.Debug|x64.Build.0 = Debug|x64
		{CBBBFE4E-702C-4E11-8F76-26C807C70F41}.Debug|x86.ActiveCfg = Debug|Win32
		{CBBBFE4E-702C-4E11-8F76-26C807C70F41}.Debug|x86.Build.0 = Debug|Win32
		{CBBBFE4E-702C-4E11-8F76-26C807C70F41}.Release|x64.ActiveCfg = Release|x64
		{CBBBFE4E-702C-4E11-8F76-26C807C70F41}.Release|x64.Build.0 = Release|x64
		{CBBBFE4E-702C-4E11-8F76-26C807C70F41}.Release|x86.ActiveCfg = Release|Win32
		{CBBBFE4E-702C-4E11-8F76-26C807C70F41}.Release|x86.Build.0 = Release|Win32
		{49C8C704-260D-4444-B798-D325850DE0A9}.Debug|x64.ActiveCfg = Debug|x64
		{49C8C704-260D-4444-B798-D325850DE0A9}.Debug|x64.Build.0 = Debug|x64
		{49C8C704-260D-4444-B798-D325850DE0A9}.Debug|x86.ActiveCfg = Debug|Win32
		{49C8C704-260D-4444-B798-D325850DE0A9}.Debug|x86.Build.0 = Debug|Win32
		{49C8C704-260D-4444-B798-D325850DE0A9}.Release|x64.ActiveCfg = Release|x64
		{49C8C704-260D-4444-B798-D325850DE0A9}.Release|x64.Build.0 = Release|x64
		{49C8C704-260D-4444-B798-D325850DE0A9}.Release|x86.ActiveCfg = Release|Win32
		{49C8C704-260D-4444-B798-D325850DE0A9}.Release|x86.Build.0 = Release|Win32
		{2DDD38FE-83BF-4DEB-8FEB-8670FEA76292}.Debug|x64.ActiveCfg = Debug|x64
		{2DDD38FE-83BF-4DEB-8FEB-8670FEA76292}.Debug|x64.Build.0 = Debug|x64
		{2DDD38FE-83BF-4DEB-8FEB-8670FEA76292}.Debug|x86.ActiveCfg = Debug|Win32
		{2DDD38FE-83BF-4DEB-8FEB-8670FEA76292}.Debug|x86.Build.0 = Debug|Win32
		{2DDD38FE-83BF-4DEB-8FEB-8670FEA76292}.Release|x64.ActiveCfg = Release|x64
		{2DDD38FE-83BF-4DEB-8FEB-8670FEA76292}.Release|x64.Build.0 = Release|x64
		{2DDD38FE-83BF-4DEB-8FEB-8670FEA76292}.Release|x86.ActiveCfg = Release|Win32
		{2DDD38FE-83BF-4DEB-8FEB-8670FEA76292}.Release|x86.Build.0 = Release|Win32
		{EDE211F3-6A96-4596-A46C-4FEA7B88D1C1}.Debug|x64.ActiveCfg = Debug|x64
		{EDE211F3-6A96-4596-A46C-4FEA7B88D1C1}.Debug|x64.Build.0 = Debug|x64
		{EDE211F3-6A96-4596-A46C-4FEA7B88D1C1}.Debug|x86.ActiveCfg = Debug|Win32
		{EDE211F3-6A96-4596-A46C-4FEA7B88D1C1}.Debug|x86.Build.0 = Debug|Win32
		{EDE211F3-6A96-4596-A46C-4FEA7B88D1C1}.Release|x64.ActiveCfg = Release|x64
		{EDE211F3-6A96-4596-A46C-4FEA7B88D1C1}.Release|x64.Build.0 = Release|x64
		{EDE211F3-6A96-4596-A46C-4FEA7B88D1C1}.Release|x86.ActiveCfg = Release|Win32
		{EDE211F3-6A96-4596-A46C-4FEA7B88D1C1}.Release|x86.Build.0 = Release|Win32
		{109A0B46-FEB2-4801-8E37-642534400607}.Debug|x64.ActiveCfg = Debug|x64
		{109A0B46-FEB2-4801-8E37-642534400607}.Debug|x64.Build.0 = Debug|x64
		{109A0B46-FEB2-4801-8E37-642534400607}.Debug|x86.ActiveCfg = Debug|Win32
		{109A0B46-FEB2-4801-8E37-642534400607}.Debug|x86.Build.0 = Debug|Win32
		{109A0B46-FEB2-4801-8E37-642534400607}.Release|x64.ActiveCfg = Release|x64
		{109A0B46-FEB2-4801-8E37-642534400607}.Release|x64.Build.0 = Release|x64
		{109A0B46-FEB2-4801-8E37-642534400607}.Release|x86.ActiveCfg = Release|Win32
		{109A0B46-FEB2-4801-8E37-642534400607}.Release|x86.Build.0 = Release|Win32
		{790E28E0-F316-4CB1-9B5B-7E5F841F5626}.Debug|x64.ActiveCfg = Debug|x64
		{790E28E0-F316-4CB1-9B5B-7E5F841F5626}.Debug|x64.Build.0 = Debug|x64
		{790E28E0-F316-4CB1-9B5B-7E5F841F5626}.Debug|x86.ActiveCfg = Debug|Win32
		{790E28E0-F316-4CB1-9B5B-7E5F841F5626}.Debug|x86.Build.0 = Debug|Win32
		{790E28E0-F316-4CB1-9B5B-7E5F841F5626}.Release|x64.ActiveCfg = Release|x64
		{790E28E0-F316-4CB1-9B5B-7E5F841F5626}.Release|x64.Build.0 = Release|x64
		{790E28E0-F316-4CB1-9B5B-7E5F841F5626}.Release|x86.ActiveCfg = Release|Win32
		{790E28E0-F316-4CB1-9B5B-7E5F841F5626}.Release|x86.Build.0 = Release|Win32
		{A87C3753-8310-4DC4-AB41-B4106524A8D7}.Debug|x64.ActiveCfg = Debug|x64
		{A87C3753-8310-4DC4-AB41-B4106524A8D7}.Debug|x64.Build.0 = Debug|x64
		{A87C3753-8310-4DC4-AB41-B4106524A8D7}.Debug|x86.ActiveCfg = Debug|Win32
		{A87C3753-8310-4DC4-AB41-B4106524A8D7}.Debug|x86.Build.0 = Debug|Win32
		{A87C3753-8310-4DC4-AB41-B4106524A8D7}.Release|x64.ActiveCfg = Release|x64
		{A87C3753-8310-4DC4-AB41-B4106524A8D7}.Release|x64.Build.0 = Release|x64
		{A87C3753-8310-4DC4-AB41-B4106524A8D7}.Release|x86.ActiveCfg = Release|Win32
		{A87C3753-8310-4DC4-AB41-B4106524A8D7}.Release|x86.Build.0 = Release|Win32
		{ABFF71C0-C9FB-4440-877C-E787702E42E8}.Debug|x64.ActiveCfg = Debug|x64
		{ABFF71C0-C9FB-4440-877C-E787702E42E8}.Debug|x64.Build.0 = Debug|x64
		{ABFF71C0-C9FB-4440-877C-E787702E42E8}.Debug|x86.ActiveCfg = Debug|Win32
		{ABFF71C0-C9FB-4440-877C-E787702E42E8}.Debug|x86.Build.0 = Debug|Win32
		{ABFF71C0-C9FB-4440-877C-E787702E42E8}.Release|x64.ActiveCfg = Release|x64
		{ABFF71C0-C9FB-4440-877C-E787702E42E8}.Release|x64.Build.0 = Release|x64
		{ABFF71C0-C9FB-4440-877C-E787702E42E8}.Release|x86.ActiveCfg = Release|Win32
		{ABFF71C0-C9FB-4440-877C-E787702E42E8}.Release|x86.Build.0 = Release|Win32
		{DF6F169E-D0B4-4204-9522-9FC31C1A8D3A}.Debug|x64.ActiveCfg = Debug|x64
		{DF6F169E-D0B4-4204-9522-9FC31C1A8D3A}.Debug|x64.Build.0 = Debug|x64
		{DF6F169E-D0B4-4204-9522-9FC31C1A8D3A}.Debug|x86.ActiveCfg = Debug|Win32
		{DF6F169E-D0B4-4204-9522-9FC31C1A8D3A}.Debug|x86.Build.0 = Debug|Win32
		{DF6F169E-D0B4-4204-9522-9FC31C1A8D3A}.Release|x64.ActiveCfg = Release|x64
		{DF6F169E-D0B4-4204-9522-9FC31C1A8D3A}.Release|x64.Build.0 = Release|x64
		{DF6F169E-D0B4-4204-9522-9FC31C1A8D3A}.Release|x86.ActiveCfg = Release|Win32
		{DF6F169E-D0B4-4204-9522-9FC31C1A8D3A}.Release|x86.Build.0 = Release|Win32
		{E1134065-ACCB-4606-A915-BEF161869C6C}.Debug|x64.ActiveCfg = Debug|x64
		{E1134065-ACCB-4606-A915-BEF161869C6C}.Debug|x64.Build.0 = Debug|x64
		{E1134065-ACCB-4606-A915-BEF161869C6C}.Debug|x86.ActiveCfg = Debug|Win32
		{E1134065-ACCB-4606-A915-BEF161869C6C}.Debug|x86.Build.0 = Debug|Win32
		{E1134065-ACCB-4606-A915-BEF161869C6C}.Release|x64.ActiveCfg = Release|x64
		{E1134065-ACCB-4606-A915-BEF161869C6C}.Release|x64.Build.0 = Release|x64
		{E1134065-ACCB-4606-A915-BEF161869C6C}.Release|x86.ActiveCfg = Release|Win32
		{E1134065-ACCB-4606-A915-BEF161869C6C}.Release|x86.Build.0 = Release|Win32
		{5A415649-8DD3-4CCB-9F47-38BD2E3AA251}.Debug|x64.ActiveCfg = Debug|x64
		{5A415649-8DD3-4CCB-9F47-38BD2E3AA251}.Debug|x64.Build.0 = Debug|x64
		{5A415649-8DD3-4CCB-9F47-38BD2E3AA251}.Debug|x86.ActiveCfg = Debug|Win32
		{5A415649-8DD3-4CCB-9F47-38BD2E3AA251}.Debug|x86.Build.0 = Debug|Win32
		{5A415649-8DD3-4CCB-9F47-38BD2E3AA251}.Release|x64.ActiveCfg = Release|x64
		{5A415649-8DD3-4CCB-9F47-38BD2E3AA251}.Release|x64.Build.0 = Release|x64
		{5A415649-8DD3-4CCB-9F47-38BD2E3AA251}.Release|x86.ActiveCfg = Release|Win32
		{5A415649-8DD3-4CCB-9F47-38BD2E3AA251}.Release|x86.Build.0 = Release|Win32
		{5C06FE13-2526-49B7-98D1-6229940F7FFA}.Debug|x64.ActiveCfg = Debug|x64
		{5C06FE13-2526-49B7-98D1-6229940F7FFA}.Debug|x64.Build.0 = Debug|x64
		{5C06FE13-2526-49B7-98D1-6229940F7FFA}.Debug|x86.ActiveCfg = Debug|Win32
		{5C06FE13-2526-49B7-98D1-6229940F7FFA}.Debug|x86.Build.0 = Debug|Win32
		{5C06FE13-2526-49B7-98D1-6229940F7FFA}.Release|x64.ActiveCfg = Release|x64
		{5C06FE13-2526-49B7-98D1-6229940F7FFA}.Release|x64.Build.0 = Release|x64
		{5C06FE13-2526-49B7-98D1-6229940F7FFA}.Release|x86.ActiveCfg = Release|Win32
		{5C06FE13-2526-49B7-98D1-6229940F7FFA}.Release|x86.Build.0 = Release|Win32
		{4983E896-0E31-487A-A4FB-155B2817D9EA}.Debug|x64.ActiveCfg = Debug|x64
		{4983E896-0E31-487A-A4FB-155B2817D9EA}.Debug|x64.Build.0 = Debug|x64
		{4983E896-0E31-487A-A4FB-155B2817D9EA}.Debug|x86.ActiveCfg = Debug|Win32
		{4983E896-0E31-487A-A4FB-155B2817D9EA}.Debug|x86.Build.0 = Debug|Win32
		{4983E896-0E31-487A-A4FB-155B2817D9EA}.Release|x64.ActiveCfg = Release|x64
		{4983E896-0E31-487A-A4FB-155B2817D9EA}.Release|x64.Build.0 = Release|x64
		{4983E896-0E31-487A-A4FB-155B2817D9EA}.Release|x86.ActiveCfg = Release|Win32
		{4983E896-0E31-487A-A4FB-155B2817D9EA}.Release|x86.Build.0 = Release|Win32
		{01138E5D-BF42-4E0F-8665-90BB0EC6E91A}.Debug|x64.ActiveCfg = Debug|x64
		{01138E5D-BF42-4E0F-8665-90BB0EC6E91A}.Debug|x64.Build.0 = Debug|x64
		{01138E5D-BF42-4E0F-8665-90BB0EC6E91A}.Debug|x86.ActiveCfg = Debug|Win32
		{01138E5D-BF42-4E0F-8665-90BB0EC6E91A}.Debug|x86.Build.0 = Debug|Win32
		{01138E5D-BF42-4E0F-8665-90BB0EC6E91A}.Release|x64.ActiveCfg = Release|x64
		{01138E5D-BF42-4E0F-8665-90BB0EC6E91A}.Release|x64.Build.0 = Release|x64
		{01138E5D-BF42-4E0F-8665-90BB0EC6E91A}.Release|x86.ActiveCfg = Release|Win32
		{01138E5D-BF42-4E0F-8665-90BB0EC6E91A}.Release|x86.Build.0 = Release|Win32
		{AFF9EC94-A6BB-4F4B-AC4D-05BF63A21426}.Debug|x64.ActiveCfg = Debug|x64
		{AFF9EC94-A6BB-4F4B-AC4D-05BF63A21426}.Debug|x64.Build.0 = Debug|x64
		{AFF9EC94-A6BB-4F4B-AC4D-05BF63A21426}.Debug|x86.ActiveCfg = Debug|Win32
		{AFF9EC94-A6BB-4F4B-AC4D-05BF63A21426}.Debug|x86.Build.0 = Debug|Win32
		{AFF9EC94-A6BB-4F4B-AC4D-05BF63A21426}.Release|x64.ActiveCfg = Release|x64
		{AFF9EC94-A6BB-4F4B-AC4D-05BF63A21426}.Release|x64.Build.0 = Release|x64
		{AFF9EC94-A6BB-4F4B-AC4D-05BF63A21426}.Release|x86.ActiveCfg = Release|Win32
		{AFF9EC94-A6BB-4F4B-AC4D-05BF63A21426}.Release|x86.Build.0 = Release|Win32
		{94F95482-51A1-41CC-B7BC-E6D35E62E6C3}.Debug|x64.ActiveCfg = Debug|x64
		{94F95482-51A1-41CC-B7BC-E6D35E62E6C3}.Debug|x64.Build.0 = Debug|x64
		{94F95482-51A1-41CC-B7BC-E6D35E62E6C3}.Debug|x86.ActiveCfg = Debug|Win32
		{94F95482-51A1-41CC-B7BC-E6D35E62E6C3}.Debug|x86.Build.0 = Debug|Win32
		{94F95482-51A1-41CC-B7BC-E6D35E62E6C3}.Release|x64.ActiveCfg = Release|x64
		{94F95482-51A1-41CC-B7BC-E6D35E62E6C3}.Release|x64.Build.0 = Release|x64
		{94F95482-51A1-41CC-B7BC-E6D35E62E6C3}.Release|x86.ActiveCfg = Release|Win32
		{94F95482-51A1-41CC-B7BC-E6D35E62E6C3}.Release|x86.Build.0 = Release|Win32
		{033E6351-99F0-481E-97B4-93C8E269896E}.Debug|x64.ActiveCfg = Debug|x64
		{033E6351-99F0-481E-97B4-93C8E269896E}.Debug|x64.Build.0 = Debug|x64
		{033E6351-99F0-481E-97B4-93C8E269896E}.Debug|x86.ActiveCfg = Debug|Win32
		{033E6351-99F0-481E-97B4-93C8E269896E}.Debug|x86.Build.0 = Debug|Win32
		{033E6351-99F0-481E-97B4-93C8E269896E}.Release|x64.ActiveCfg = Release|x64
		{033E6351-99F0-481E-97B4-93C8E269896E}.Release|x64.Build.0 = Release|x64
		{033E6351-99F0-481E-97B4-93C8E269896E}.Release|x86.ActiveCfg = Release|Win32
		{033E6351-99F0-481E-97B4-93C8E269896E}.Release|x86.Build.0 = Release|Win32
		{842F4DDE-C620-4D63-982D-15FA90C1C666}.Debug|x64.ActiveCfg = Debug|x64
		{842F4DDE-C620-4D63-982D-15FA90C1C666}.Debug|x64.Build.0 = Debug|x64
		{842F4DDE-C620-4D63-982D-15FA90C1C666}.Debug|x86.ActiveCfg = Debug|Win32
		{842F4DDE-C620-4D63-982D-15FA90C1C666}.Debug|x86.Build.0 = Debug|Win32
		{842F4DDE-C620-4D63-982D-15FA90C1C666}.Release|x64.ActiveCfg = Release|x64
		{842F4DDE-C620-4D63-982D-15FA90C1C666}.Release|x64.Build.0 = Release|x64
		{842F4DDE-C620-4D63-982D-15FA90C1C666}.Release|x86.ActiveCfg = Release|Win32
		{842F4DDE-C620-4D63-982D-15FA90C1C666}.Release|x86.Build.0 = Release|Win32
		{9126D6FE-DF60-4A6A-87B0-092B077E3E22}.Debug|x64.ActiveCfg = Debug|x64
		{9126D6FE-DF60-4A6A-87B0-092B077E3E22}.Debug|x64.Build.0 = Debug|x64
		{9126D6FE-DF60-4A6A-87B0-092B077E3E22}.Debug|x86.ActiveCfg = Debug|Win32
		{9126D6FE-DF60-4A6A-87B0-092B077E3E22}.Debug|x86.Build.0 = Debug|Win32
		{9126D6FE-DF60-4A6A-87B0-092B077E3E22}.Release|x64.ActiveCfg = Release|x64
		{9126D6FE-DF60-4A6A-87B0-092B077E3E22}.Release|x64.Build.0 = Release|x64
		{9126D6FE-DF60-4A6A-87B0-092B077E3E22}.Release|x86.ActiveCfg = Release|Win32
		{9126D6FE-DF60-4A6A-87B0-092B077E3E22}.Release|x86.Build.0 = Release|Win32
		{9E7ED212-AC18-459C-A285-4EC4F146BEA2}.Debug|x64.ActiveCfg = Debug|x64
		{9E7ED212-AC18-459C-A285-4EC4F146BEA2}.Debug|x64.Build.0 = Debug|x64
		{9E7ED212-AC18-459C-A285-4EC4F146BEA2}.Debug|x86.ActiveCfg = Debug|Win32
		{9E7ED212-AC18-459C-A285-4EC4F146BEA2}.Debug|x86.Build.0 = Debug|Win32
		{9E7ED212-AC18-459C-A285-4EC4F146BEA2}.Release|x64.ActiveCfg = Release|x64
		{9E7ED212-AC18-459C-A285-4EC4F146BEA2}.Release|x64.Build.0 = Release|x64
		{9E7ED212-AC18-459C-A285-4EC4F146BEA2}.Release|x86.ActiveCfg = Release|Win32
		{9E7ED212-AC18-459C-A285-4EC4F146BEA2}.Release|x86.Build.0 = Release|Win32
		{C6F21A21-3FBC-4DED-9051-EC9954652DEF}.Debug|x64.ActiveCfg = Debug|x64
		{C6F21A21-3FBC-4DED-9051-EC9954652DEF}.Debug|x64.Build.0 = Debug|x64
		{C6F21A21-3FBC-4DED-9051-EC9954652DEF}.Debug|x86.ActiveCfg = Debug|Win32
		{C6F21A21-3FBC-4DED-9051-EC9954652DEF}.Debug|x86.Build.0 = Debug|Win32
		{C6F21A21-3FBC-4DED-9051-EC9954652DEF}.Release|x64.ActiveCfg = Release|x64
		{C6F21A21-3FBC-4DED-9051-EC9954652DEF}.Release|x64.Build.0 = Release|x64
		{C6F21A21-3FBC-4DED-9051-EC9954652DEF}.Release|x86.ActiveCfg = Release|Win32
		{C6F21A21-3FBC-4DED-9051-EC9954652DEF}.Release|x86.Build.0 = Release|Win32
		{78C30FFD-D451-4D36-9A24-F78D6994DEE6}.Debug|x64.ActiveCfg = Debug|x64
		{78C30FFD-D451-4D36-9A24-F78D6994DEE6}.Debug|x64.Build.0 = Debug|x64
		{78C30FFD-D451-4D36-9A24-F78D6994DEE6}.Debug|x86.ActiveCfg = Debug|Win32
		{78C30FFD-D451-4D36-9A24-F78D6994DEE6}.Debug|x86.Build.0 = Debug|Win32
		{78C30FFD-D451-4D36-9A24-F78D6994DEE6}.Release|x64.ActiveCfg = Release|x64
		{78C30FFD-D451-4D36-9A24-F78D6994DEE6}.Release|x64.Build.0 = Release|x64
		{78C30FFD-D451-4D36-9A24-F78D6994DEE6}.Release|x86.ActiveCfg = Release|Win32
		{78C30FFD-D451-4D36-9A24-F78D6994DEE6}.Release|x86.Build.0 = Release|Win32
		{9183C503-8E28-4386-9C56-82F99593279C}.Debug|x64.ActiveCfg = Debug|x64
		{9183C503-8E28-4386-9C56-82F99593279C}.Debug|x64.Build.0 = Debug|x64
		{9183C503-8E28-4386-9C56-82F99593279C}.Debug|x86.ActiveCfg = Debug|Win32
		{9183C503-8E28-4386-9C56-82F99593279C}.Debug|x86.Build.0 = Debug|Win32
		{9183C503-8E28-4386-9C56-82F99593279C}.Release|x64.ActiveCfg = Release|x64
		{9183C503-8E28-4386-9C56-82F99593279C}.Release|x64.Build.0 = Release|x64
		{9183C503-8E28-4386-9C56-82F99593279C}.Release|x86.ActiveCfg = Release|Win32
		{9183C503-8E28-4386-9C56-82F99593279C}.Release|x86.Build.0 = Release|Win32
		{AC220865-2194-41FE-9971-73B778B80481}.Debug|x64.ActiveCfg = Debug|x64
		{AC220865-2194-41FE-9971-73B778B80481}.Debug|x64.Build.0 = Debug|x64
		{AC220865-2194-41FE-9971-73B778B80481}.Debug|x86.ActiveCfg = Debug|Win32
		{AC220865-2194-41FE-9971-73B778B80481}.Debug|x86.Build.0 = Debug|Win32
		{AC220865-2194-41FE-9971-73B778B80481}.Release|x64.ActiveCfg = Release|x64
		{AC220865-2194-41FE-9971-73B778B80481}.Release|x64.Build.0 = Release|x64
		{AC220865-2194-41FE-9971-73B778B80481}.Release|x86.ActiveCfg = Release|Win32
		{AC220865-2194-41FE-9971-73B778B80481}.Release|x86.Build.0 = Release|Win32
	EndGlobalSection
	GlobalSection(SolutionProperties) = preSolution
		HideSolutionNode = FALSE
	EndGlobalSection
	GlobalSection(ExtensibilityGlobals) = postSolution
		SolutionGuid = {616FC41E-F771-40F9-AC0D-78BDAE1BBC88}
	EndGlobalSection
EndGlobal
